
Microsoft Visual Studio Solution File, Format Version 12.00
# Visual Studio Version 17
VisualStudioVersion = 17.7.34221.43
MinimumVisualStudioVersion = 10.0.40219.1
Project("{9A19103F-16F7-4668-BE54-9A1E7A4F7556}") = "OOP", "OOP\OOP.csproj", "{06528D5A-2D03-4116-9841-26ACF0548675}"
EndProject
Project("{9A19103F-16F7-4668-BE54-9A1E7A4F7556}") = "OOPTests", "OOPTests\OOPTests.csproj", "{05B9B37B-D7F2-4A88-8B90-E4C473BF814D}"
EndProject
Project("{9A19103F-16F7-4668-BE54-9A1E7A4F7556}") = "JSONValidator", "JSONValidator\JSONValidator.csproj", "{8AC8AD82-6DBE-4DF4-BBE7-5432E6B72024}"
EndProject
Global
	GlobalSection(SolutionConfigurationPlatforms) = preSolution
		Debug|Any CPU = Debug|Any CPU
		Release|Any CPU = Release|Any CPU
	EndGlobalSection
	GlobalSection(ProjectConfigurationPlatforms) = postSolution
		{06528D5A-2D03-4116-9841-26ACF0548675}.Debug|Any CPU.ActiveCfg = Debug|Any CPU
		{06528D5A-2D03-4116-9841-26ACF0548675}.Debug|Any CPU.Build.0 = Debug|Any CPU
		{06528D5A-2D03-4116-9841-26ACF0548675}.Release|Any CPU.ActiveCfg = Release|Any CPU
		{06528D5A-2D03-4116-9841-26ACF0548675}.Release|Any CPU.Build.0 = Release|Any CPU
		{05B9B37B-D7F2-4A88-8B90-E4C473BF814D}.Debug|Any CPU.ActiveCfg = Debug|Any CPU
		{05B9B37B-D7F2-4A88-8B90-E4C473BF814D}.Debug|Any CPU.Build.0 = Debug|Any CPU
		{05B9B37B-D7F2-4A88-8B90-E4C473BF814D}.Release|Any CPU.ActiveCfg = Release|Any CPU
		{05B9B37B-D7F2-4A88-8B90-E4C473BF814D}.Release|Any CPU.Build.0 = Release|Any CPU
		{8AC8AD82-6DBE-4DF4-BBE7-5432E6B72024}.Debug|Any CPU.ActiveCfg = Debug|Any CPU
		{8AC8AD82-6DBE-4DF4-BBE7-5432E6B72024}.Debug|Any CPU.Build.0 = Debug|Any CPU
		{8AC8AD82-6DBE-4DF4-BBE7-5432E6B72024}.Release|Any CPU.ActiveCfg = Release|Any CPU
		{8AC8AD82-6DBE-4DF4-BBE7-5432E6B72024}.Release|Any CPU.Build.0 = Release|Any CPU
	EndGlobalSection
	GlobalSection(SolutionProperties) = preSolution
		HideSolutionNode = FALSE
	EndGlobalSection
	GlobalSection(ExtensibilityGlobals) = postSolution
		SolutionGuid = {C730433D-42D8-4674-9702-0316F333B487}
	EndGlobalSection
EndGlobal
